// !$*UTF8*$!
{
	archiveVersion = 1;
	classes = {
	};
	objectVersion = 48;
	objects = {

/* Begin PBXBuildFile section */
		9BAC7FA820342BEC0062AB1E /* main.swift in Sources */ = {isa = PBXBuildFile; fileRef = 9BAC7FA720342BEC0062AB1E /* main.swift */; };
		9BAC7FAF20342C020062AB1E /* static.swift in Sources */ = {isa = PBXBuildFile; fileRef = 9BAC7FAE20342C020062AB1E /* static.swift */; };
		9BAC7FB1203431360062AB1E /* Json.swift in Sources */ = {isa = PBXBuildFile; fileRef = 9BAC7FB0203431360062AB1E /* Json.swift */; };
/* End PBXBuildFile section */

/* Begin PBXCopyFilesBuildPhase section */
		9BAC7FA220342BEC0062AB1E /* CopyFiles */ = {
			isa = PBXCopyFilesBuildPhase;
			buildActionMask = 2147483647;
			dstPath = /usr/share/man/man1/;
			dstSubfolderSpec = 0;
			files = (
			);
			runOnlyForDeploymentPostprocessing = 1;
		};
/* End PBXCopyFilesBuildPhase section */

/* Begin PBXFileReference section */
		9BAC7FA420342BEC0062AB1E /* MAD_DAY13_Static */ = {isa = PBXFileReference; explicitFileType = "compiled.mach-o.executable"; includeInIndex = 0; path = MAD_DAY13_Static; sourceTree = BUILT_PRODUCTS_DIR; };
		9BAC7FA720342BEC0062AB1E /* main.swift */ = {isa = PBXFileReference; lastKnownFileType = sourcecode.swift; path = main.swift; sourceTree = "<group>"; };
		9BAC7FAE20342C020062AB1E /* static.swift */ = {isa = PBXFileReference; lastKnownFileType = sourcecode.swift; path = static.swift; sourceTree = "<group>"; };
		9BAC7FB0203431360062AB1E /* Json.swift */ = {isa = PBXFileReference; lastKnownFileType = sourcecode.swift; path = Json.swift; sourceTree = "<group>"; };
/* End PBXFileReference section */

/* Begin PBXFrameworksBuildPhase section */
		9BAC7FA120342BEC0062AB1E /* Frameworks */ = {
			isa = PBXFrameworksBuildPhase;
			buildActionMask = 2147483647;
			files = (
			);
			runOnlyForDeploymentPostprocessing = 0;
		};
/* End PBXFrameworksBuildPhase section */

/* Begin PBXGroup section */
		9BAC7F9B20342BEC0062AB1E = {
			isa = PBXGroup;
			children = (
				9BAC7FA620342BEC0062AB1E /* MAD_DAY13_Static */,
				9BAC7FA520342BEC0062AB1E /* Products */,
			);
			sourceTree = "<group>";
		};
		9BAC7FA520342BEC0062AB1E /* Products */ = {
			isa = PBXGroup;
			children = (
				9BAC7FA420342BEC0062AB1E /* MAD_DAY13_Static */,
			);
			name = Products;
			sourceTree = "<group>";
		};
		9BAC7FA620342BEC0062AB1E /* MAD_DAY13_Static */ = {
			isa = PBXGroup;
			children = (
				9BAC7FA720342BEC0062AB1E /* main.swift */,
				9BAC7FB0203431360062AB1E /* Json.swift */,
				9BAC7FAE20342C020062AB1E /* static.swift */,
			);
			path = MAD_DAY13_Static;
			sourceTree = "<group>";
		};
/* End PBXGroup section */

/* Begin PBXNativeTarget section */
		9BAC7FA320342BEC0062AB1E /* MAD_DAY13_Static */ = {
			isa = PBXNativeTarget;
			buildConfigurationList = 9BAC7FAB20342BEC0062AB1E /* Build configuration list for PBXNativeTarget "MAD_DAY13_Static" */;
			buildPhases = (
				9BAC7FA020342BEC0062AB1E /* Sources */,
				9BAC7FA120342BEC0062AB1E /* Frameworks */,
				9BAC7FA220342BEC0062AB1E /* CopyFiles */,
			);
			buildRules = (
			);
			dependencies = (
			);
			name = MAD_DAY13_Static;
			productName = MAD_DAY13_Static;
			productReference = 9BAC7FA420342BEC0062AB1E /* MAD_DAY13_Static */;
			productType = "com.apple.product-type.tool";
		};
/* End PBXNativeTarget section */

/* Begin PBXProject section */
		9BAC7F9C20342BEC0062AB1E /* Project object */ = {
			isa = PBXProject;
			attributes = {
				LastSwiftUpdateCheck = 0920;
				LastUpgradeCheck = 0920;
				ORGANIZATIONNAME = MacStudent;
				TargetAttributes = {
					9BAC7FA320342BEC0062AB1E = {
						CreatedOnToolsVersion = 9.2;
						ProvisioningStyle = Automatic;
					};
				};
			};
			buildConfigurationList = 9BAC7F9F20342BEC0062AB1E /* Build configuration list for PBXProject "MAD_DAY13_Static" */;
			compatibilityVersion = "Xcode 8.0";
			developmentRegion = en;
			hasScannedForEncodings = 0;
			knownRegions = (
				en,
			);
			mainGroup = 9BAC7F9B20342BEC0062AB1E;
			productRefGroup = 9BAC7FA520342BEC0062AB1E /* Products */;
			projectDirPath = "";
			projectRoot = "";
			targets = (
				9BAC7FA320342BEC0062AB1E /* MAD_DAY13_Static */,
			);
		};
/* End PBXProject section */

/* Begin PBXSourcesBuildPhase section */
		9BAC7FA020342BEC0062AB1E /* Sources */ = {
			isa = PBXSourcesBuildPhase;
			buildActionMask = 2147483647;
			files = (
				9BAC7FB1203431360062AB1E /* Json.swift in Sources */,
				9BAC7FA820342BEC0062AB1E /* main.swift in Sources */,
				9BAC7FAF20342C020062AB1E /* static.swift in Sources */,
			);
			runOnlyForDeploymentPostprocessing = 0;
		};
/* End PBXSourcesBuildPhase section */

/* Begin XCBuildConfiguration section */
		9BAC7FA920342BEC0062AB1E /* Debug */ = {
			isa = XCBuildConfiguration;
			buildSettings = {
				ALWAYS_SEARCH_USER_PATHS = NO;
				CLANG_ANALYZER_NONNULL = YES;
				CLANG_ANALYZER_NUMBER_OBJECT_CONVERSION = YES_AGGRESSIVE;
				CLANG_CXX_LANGUAGE_STANDARD = "gnu++14";
				CLANG_CXX_LIBRARY = "libc++";
				CLANG_ENABLE_MODULES = YES;
				CLANG_ENABLE_OBJC_ARC = YES;
				CLANG_WARN_BLOCK_CAPTURE_AUTORELEASING = YES;
				CLANG_WARN_BOOL_CONVERSION = YES;
				CLANG_WARN_COMMA = YES;
				CLANG_WARN_CONSTANT_CONVERSION = YES;
				CLANG_WARN_DIRECT_OBJC_ISA_USAGE = YES_ERROR;
				CLANG_WARN_DOCUMENTATION_COMMENTS = YES;
				CLANG_WARN_EMPTY_BODY = YES;
				CLANG_WARN_ENUM_CONVERSION = YES;
				CLANG_WARN_INFINITE_RECURSION = YES;
				CLANG_WARN_INT_CONVERSION = YES;
				CLANG_WARN_NON_LITERAL_NULL_CONVERSION = YES;
				CLANG_WARN_OBJC_LITERAL_CONVERSION = YES;
				CLANG_WARN_OBJC_ROOT_CLASS = YES_ERROR;
				CLANG_WARN_RANGE_LOOP_ANALYSIS = YES;
				CLANG_WARN_STRICT_PROTOTYPES = YES;
				CLANG_WARN_SUSPICIOUS_MOVE = YES;
				CLANG_WARN_UNGUARDED_AVAILABILITY = YES_AGGRESSIVE;
				CLANG_WARN_UNREACHABLE_CODE = YES;
				CLANG_WARN__DUPLICATE_METHOD_MATCH = YES;
				CODE_SIGN_IDENTITY = "-";
				COPY_PHASE_STRIP = NO;
				DEBUG_INFORMATION_FORMAT = dwarf;
				ENABLE_STRICT_OBJC_MSGSEND = YES;
				ENABLE_TESTABILITY = YES;
				GCC_C_LANGUAGE_STANDARD = gnu11;
				GCC_DYNAMIC_NO_PIC = NO;
				GCC_NO_COMMON_BLOCKS = YES;
				GCC_OPTIMIZATION_LEVEL = 0;
				GCC_PREPROCESSOR_DEFINITIONS = (
					"DEBUG=1",
					"$(inherited)",
				);
				GCC_WARN_64_TO_32_BIT_CONVERSION = YES;
				GCC_WARN_ABOUT_RETURN_TYPE = YES_ERROR;
				GCC_WARN_UNDECLARED_SELECTOR = YES;
				GCC_WARN_UNINITIALIZED_AUTOS = YES_AGGRESSIVE;
				GCC_WARN_UNUSED_FUNCTION = YES;
				GCC_WARN_UNUSED_VARIABLE = YES;
				MACOSX_DEPLOYMENT_TARGET = 10.13;
				MTL_ENABLE_DEBUG_INFO = YES;
				ONLY_ACTIVE_ARCH = YES;
				SDKROOT = macosx;
				SWIFT_ACTIVE_COMPILATION_CONDITIONS = DEBUG;
				SWIFT_OPTIMIZATION_LEVEL = "-Onone";
			};
			name = Debug;
		};
		9BAC7FAA20342BEC0062AB1E /* Release */ = {
			isa = XCBuildConfiguration;
			buildSettings = {
				ALWAYS_SEARCH_USER_PATHS = NO;
				CLANG_ANALYZER_NONNULL = YES;
				CLANG_ANALYZER_NUMBER_OBJECT_CONVERSION = YES_AGGRESSIVE;
				CLANG_CXX_LANGUAGE_STANDARD = "gnu++14";
				CLANG_CXX_LIBRARY = "libc++";
				CLANG_ENABLE_MODULES = YES;
				CLANG_ENABLE_OBJC_ARC = YES;
				CLANG_WARN_BLOCK_CAPTURE_AUTORELEASING = YES;
				CLANG_WARN_BOOL_CONVERSION = YES;
				CLANG_WARN_COMMA = YES;
				CLANG_WARN_CONSTANT_CONVERSION = YES;
				CLANG_WARN_DIRECT_OBJC_ISA_USAGE = YES_ERROR;
				CLANG_WARN_DOCUMENTATION_COMMENTS = YES;
				CLANG_WARN_EMPTY_BODY = YES;
				CLANG_WARN_ENUM_CONVERSION = YES;
				CLANG_WARN_INFINITE_RECURSION = YES;
				CLANG_WARN_INT_CONVERSION = YES;
				CLANG_WARN_NON_LITERAL_NULL_CONVERSION = YES;
				CLANG_WARN_OBJC_LITERAL_CONVERSION = YES;
				CLANG_WARN_OBJC_ROOT_CLASS = YES_ERROR;
				CLANG_WARN_RANGE_LOOP_ANALYSIS = YES;
				CLANG_WARN_STRICT_PROTOTYPES = YES;
				CLANG_WARN_SUSPICIOUS_MOVE = YES;
				CLANG_WARN_UNGUARDED_AVAILABILITY = YES_AGGRESSIVE;
				CLANG_WARN_UNREACHABLE_CODE = YES;
				CLANG_WARN__DUPLICATE_METHOD_MATCH = YES;
				CODE_SIGN_IDENTITY = "-";
				COPY_PHASE_STRIP = NO;
				DEBUG_INFORMATION_FORMAT = "dwarf-with-dsym";
				ENABLE_NS_ASSERTIONS = NO;
				ENABLE_STRICT_OBJC_MSGSEND = YES;
				GCC_C_LANGUAGE_STANDARD = gnu11;
				GCC_NO_COMMON_BLOCKS = YES;
				GCC_WARN_64_TO_32_BIT_CONVERSION = YES;
				GCC_WARN_ABOUT_RETURN_TYPE = YES_ERROR;
				GCC_WARN_UNDECLARED_SELECTOR = YES;
				GCC_WARN_UNINITIALIZED_AUTOS = YES_AGGRESSIVE;
				GCC_WARN_UNUSED_FUNCTION = YES;
				GCC_WARN_UNUSED_VARIABLE = YES;
				MACOSX_DEPLOYMENT_TARGET = 10.13;
				MTL_ENABLE_DEBUG_INFO = NO;
				SDKROOT = macosx;
				SWIFT_OPTIMIZATION_LEVEL = "-Owholemodule";
			};
			name = Release;
		};
		9BAC7FAC20342BEC0062AB1E /* Debug */ = {
			isa = XCBuildConfiguration;
			buildSettings = {
				CODE_SIGN_STYLE = Automatic;
				PRODUCT_NAME = "$(TARGET_NAME)";
				SWIFT_VERSION = 4.0;
			};
			name = Debug;
		};
		9BAC7FAD20342BEC0062AB1E /* Release */ = {
			isa = XCBuildConfiguration;
			buildSettings = {
				CODE_SIGN_STYLE = Automatic;
				PRODUCT_NAME = "$(TARGET_NAME)";
				SWIFT_VERSION = 4.0;
			};
			name = Release;
		};
/* End XCBuildConfiguration section */

/* Begin XCConfigurationList section */
		9BAC7F9F20342BEC0062AB1E /* Build configuration list for PBXProject "MAD_DAY13_Static" */ = {
			isa = XCConfigurationList;
			buildConfigurations = (
				9BAC7FA920342BEC0062AB1E /* Debug */,
				9BAC7FAA20342BEC0062AB1E /* Release */,
			);
			defaultConfigurationIsVisible = 0;
			defaultConfigurationName = Release;
		};
		9BAC7FAB20342BEC0062AB1E /* Build configuration list for PBXNativeTarget "MAD_DAY13_Static" */ = {
			isa = XCConfigurationList;
			buildConfigurations = (
				9BAC7FAC20342BEC0062AB1E /* Debug */,
				9BAC7FAD20342BEC0062AB1E /* Release */,
			);
			defaultConfigurationIsVisible = 0;
			defaultConfigurationName = Release;
		};
/* End XCConfigurationList section */
	};
	rootObject = 9BAC7F9C20342BEC0062AB1E /* Project object */;
}
