// !$*UTF8*$!
{
	archiveVersion = 1;
	classes = {
	};
	objectVersion = 48;
	objects = {

/* Begin PBXBuildFile section */
		9B2CC5B420299FEB00DEE732 /* main.swift in Sources */ = {isa = PBXBuildFile; fileRef = 9B2CC5B320299FEB00DEE732 /* main.swift */; };
		9B2CC5BB2029A00900DEE732 /* Protocols.swift in Sources */ = {isa = PBXBuildFile; fileRef = 9B2CC5BA2029A00900DEE732 /* Protocols.swift */; };
		9B2CC5BD2029A0A400DEE732 /* Class TestA.swift in Sources */ = {isa = PBXBuildFile; fileRef = 9B2CC5BC2029A0A400DEE732 /* Class TestA.swift */; };
		9B2CC5BF2029A63E00DEE732 /* TestB.swift in Sources */ = {isa = PBXBuildFile; fileRef = 9B2CC5BE2029A63E00DEE732 /* TestB.swift */; };
		9B2CC5C12029A8F200DEE732 /* Arithmetic.swift in Sources */ = {isa = PBXBuildFile; fileRef = 9B2CC5C02029A8F200DEE732 /* Arithmetic.swift */; };
		9B2CC5C32029ABEB00DEE732 /* Addition.swift in Sources */ = {isa = PBXBuildFile; fileRef = 9B2CC5C22029ABEB00DEE732 /* Addition.swift */; };
		9B2CC5C52029BAE500DEE732 /* Extension.swift in Sources */ = {isa = PBXBuildFile; fileRef = 9B2CC5C42029BAE500DEE732 /* Extension.swift */; };
/* End PBXBuildFile section */

/* Begin PBXCopyFilesBuildPhase section */
		9B2CC5AE20299FEB00DEE732 /* CopyFiles */ = {
			isa = PBXCopyFilesBuildPhase;
			buildActionMask = 2147483647;
			dstPath = /usr/share/man/man1/;
			dstSubfolderSpec = 0;
			files = (
			);
			runOnlyForDeploymentPostprocessing = 1;
		};
/* End PBXCopyFilesBuildPhase section */

/* Begin PBXFileReference section */
		9B2CC5B020299FEB00DEE732 /* MAD_3004_Day7_Protocols */ = {isa = PBXFileReference; explicitFileType = "compiled.mach-o.executable"; includeInIndex = 0; path = MAD_3004_Day7_Protocols; sourceTree = BUILT_PRODUCTS_DIR; };
		9B2CC5B320299FEB00DEE732 /* main.swift */ = {isa = PBXFileReference; lastKnownFileType = sourcecode.swift; path = main.swift; sourceTree = "<group>"; };
		9B2CC5BA2029A00900DEE732 /* Protocols.swift */ = {isa = PBXFileReference; lastKnownFileType = sourcecode.swift; path = Protocols.swift; sourceTree = "<group>"; };
		9B2CC5BC2029A0A400DEE732 /* Class TestA.swift */ = {isa = PBXFileReference; lastKnownFileType = sourcecode.swift; path = "Class TestA.swift"; sourceTree = "<group>"; };
		9B2CC5BE2029A63E00DEE732 /* TestB.swift */ = {isa = PBXFileReference; lastKnownFileType = sourcecode.swift; path = TestB.swift; sourceTree = "<group>"; };
		9B2CC5C02029A8F200DEE732 /* Arithmetic.swift */ = {isa = PBXFileReference; lastKnownFileType = sourcecode.swift; path = Arithmetic.swift; sourceTree = "<group>"; };
		9B2CC5C22029ABEB00DEE732 /* Addition.swift */ = {isa = PBXFileReference; lastKnownFileType = sourcecode.swift; path = Addition.swift; sourceTree = "<group>"; };
		9B2CC5C42029BAE500DEE732 /* Extension.swift */ = {isa = PBXFileReference; lastKnownFileType = sourcecode.swift; path = Extension.swift; sourceTree = "<group>"; };
/* End PBXFileReference section */

/* Begin PBXFrameworksBuildPhase section */
		9B2CC5AD20299FEB00DEE732 /* Frameworks */ = {
			isa = PBXFrameworksBuildPhase;
			buildActionMask = 2147483647;
			files = (
			);
			runOnlyForDeploymentPostprocessing = 0;
		};
/* End PBXFrameworksBuildPhase section */

/* Begin PBXGroup section */
		9B2CC5A720299FEA00DEE732 = {
			isa = PBXGroup;
			children = (
				9B2CC5B220299FEB00DEE732 /* MAD_3004_Day7_Protocols */,
				9B2CC5B120299FEB00DEE732 /* Products */,
			);
			sourceTree = "<group>";
		};
		9B2CC5B120299FEB00DEE732 /* Products */ = {
			isa = PBXGroup;
			children = (
				9B2CC5B020299FEB00DEE732 /* MAD_3004_Day7_Protocols */,
			);
			name = Products;
			sourceTree = "<group>";
		};
		9B2CC5B220299FEB00DEE732 /* MAD_3004_Day7_Protocols */ = {
			isa = PBXGroup;
			children = (
				9B2CC5B320299FEB00DEE732 /* main.swift */,
				9B2CC5BA2029A00900DEE732 /* Protocols.swift */,
				9B2CC5BC2029A0A400DEE732 /* Class TestA.swift */,
				9B2CC5BE2029A63E00DEE732 /* TestB.swift */,
				9B2CC5C02029A8F200DEE732 /* Arithmetic.swift */,
				9B2CC5C22029ABEB00DEE732 /* Addition.swift */,
				9B2CC5C42029BAE500DEE732 /* Extension.swift */,
			);
			path = MAD_3004_Day7_Protocols;
			sourceTree = "<group>";
		};
/* End PBXGroup section */

/* Begin PBXNativeTarget section */
		9B2CC5AF20299FEB00DEE732 /* MAD_3004_Day7_Protocols */ = {
			isa = PBXNativeTarget;
			buildConfigurationList = 9B2CC5B720299FEB00DEE732 /* Build configuration list for PBXNativeTarget "MAD_3004_Day7_Protocols" */;
			buildPhases = (
				9B2CC5AC20299FEB00DEE732 /* Sources */,
				9B2CC5AD20299FEB00DEE732 /* Frameworks */,
				9B2CC5AE20299FEB00DEE732 /* CopyFiles */,
			);
			buildRules = (
			);
			dependencies = (
			);
			name = MAD_3004_Day7_Protocols;
			productName = MAD_3004_Day7_Protocols;
			productReference = 9B2CC5B020299FEB00DEE732 /* MAD_3004_Day7_Protocols */;
			productType = "com.apple.product-type.tool";
		};
/* End PBXNativeTarget section */

/* Begin PBXProject section */
		9B2CC5A820299FEA00DEE732 /* Project object */ = {
			isa = PBXProject;
			attributes = {
				LastSwiftUpdateCheck = 0920;
				LastUpgradeCheck = 0920;
				ORGANIZATIONNAME = MacStudent;
				TargetAttributes = {
					9B2CC5AF20299FEB00DEE732 = {
						CreatedOnToolsVersion = 9.2;
						ProvisioningStyle = Automatic;
					};
				};
			};
			buildConfigurationList = 9B2CC5AB20299FEA00DEE732 /* Build configuration list for PBXProject "MAD_3004_Day7_Protocols" */;
			compatibilityVersion = "Xcode 8.0";
			developmentRegion = en;
			hasScannedForEncodings = 0;
			knownRegions = (
				en,
			);
			mainGroup = 9B2CC5A720299FEA00DEE732;
			productRefGroup = 9B2CC5B120299FEB00DEE732 /* Products */;
			projectDirPath = "";
			projectRoot = "";
			targets = (
				9B2CC5AF20299FEB00DEE732 /* MAD_3004_Day7_Protocols */,
			);
		};
/* End PBXProject section */

/* Begin PBXSourcesBuildPhase section */
		9B2CC5AC20299FEB00DEE732 /* Sources */ = {
			isa = PBXSourcesBuildPhase;
			buildActionMask = 2147483647;
			files = (
				9B2CC5C12029A8F200DEE732 /* Arithmetic.swift in Sources */,
				9B2CC5C32029ABEB00DEE732 /* Addition.swift in Sources */,
				9B2CC5C52029BAE500DEE732 /* Extension.swift in Sources */,
				9B2CC5BF2029A63E00DEE732 /* TestB.swift in Sources */,
				9B2CC5B420299FEB00DEE732 /* main.swift in Sources */,
				9B2CC5BB2029A00900DEE732 /* Protocols.swift in Sources */,
				9B2CC5BD2029A0A400DEE732 /* Class TestA.swift in Sources */,
			);
			runOnlyForDeploymentPostprocessing = 0;
		};
/* End PBXSourcesBuildPhase section */

/* Begin XCBuildConfiguration section */
		9B2CC5B520299FEB00DEE732 /* Debug */ = {
			isa = XCBuildConfiguration;
			buildSettings = {
				ALWAYS_SEARCH_USER_PATHS = NO;
				CLANG_ANALYZER_NONNULL = YES;
				CLANG_ANALYZER_NUMBER_OBJECT_CONVERSION = YES_AGGRESSIVE;
				CLANG_CXX_LANGUAGE_STANDARD = "gnu++14";
				CLANG_CXX_LIBRARY = "libc++";
				CLANG_ENABLE_MODULES = YES;
				CLANG_ENABLE_OBJC_ARC = YES;
				CLANG_WARN_BLOCK_CAPTURE_AUTORELEASING = YES;
				CLANG_WARN_BOOL_CONVERSION = YES;
				CLANG_WARN_COMMA = YES;
				CLANG_WARN_CONSTANT_CONVERSION = YES;
				CLANG_WARN_DIRECT_OBJC_ISA_USAGE = YES_ERROR;
				CLANG_WARN_DOCUMENTATION_COMMENTS = YES;
				CLANG_WARN_EMPTY_BODY = YES;
				CLANG_WARN_ENUM_CONVERSION = YES;
				CLANG_WARN_INFINITE_RECURSION = YES;
				CLANG_WARN_INT_CONVERSION = YES;
				CLANG_WARN_NON_LITERAL_NULL_CONVERSION = YES;
				CLANG_WARN_OBJC_LITERAL_CONVERSION = YES;
				CLANG_WARN_OBJC_ROOT_CLASS = YES_ERROR;
				CLANG_WARN_RANGE_LOOP_ANALYSIS = YES;
				CLANG_WARN_STRICT_PROTOTYPES = YES;
				CLANG_WARN_SUSPICIOUS_MOVE = YES;
				CLANG_WARN_UNGUARDED_AVAILABILITY = YES_AGGRESSIVE;
				CLANG_WARN_UNREACHABLE_CODE = YES;
				CLANG_WARN__DUPLICATE_METHOD_MATCH = YES;
				CODE_SIGN_IDENTITY = "-";
				COPY_PHASE_STRIP = NO;
				DEBUG_INFORMATION_FORMAT = dwarf;
				ENABLE_STRICT_OBJC_MSGSEND = YES;
				ENABLE_TESTABILITY = YES;
				GCC_C_LANGUAGE_STANDARD = gnu11;
				GCC_DYNAMIC_NO_PIC = NO;
				GCC_NO_COMMON_BLOCKS = YES;
				GCC_OPTIMIZATION_LEVEL = 0;
				GCC_PREPROCESSOR_DEFINITIONS = (
					"DEBUG=1",
					"$(inherited)",
				);
				GCC_WARN_64_TO_32_BIT_CONVERSION = YES;
				GCC_WARN_ABOUT_RETURN_TYPE = YES_ERROR;
				GCC_WARN_UNDECLARED_SELECTOR = YES;
				GCC_WARN_UNINITIALIZED_AUTOS = YES_AGGRESSIVE;
				GCC_WARN_UNUSED_FUNCTION = YES;
				GCC_WARN_UNUSED_VARIABLE = YES;
				MACOSX_DEPLOYMENT_TARGET = 10.13;
				MTL_ENABLE_DEBUG_INFO = YES;
				ONLY_ACTIVE_ARCH = YES;
				SDKROOT = macosx;
				SWIFT_ACTIVE_COMPILATION_CONDITIONS = DEBUG;
				SWIFT_OPTIMIZATION_LEVEL = "-Onone";
			};
			name = Debug;
		};
		9B2CC5B620299FEB00DEE732 /* Release */ = {
			isa = XCBuildConfiguration;
			buildSettings = {
				ALWAYS_SEARCH_USER_PATHS = NO;
				CLANG_ANALYZER_NONNULL = YES;
				CLANG_ANALYZER_NUMBER_OBJECT_CONVERSION = YES_AGGRESSIVE;
				CLANG_CXX_LANGUAGE_STANDARD = "gnu++14";
				CLANG_CXX_LIBRARY = "libc++";
				CLANG_ENABLE_MODULES = YES;
				CLANG_ENABLE_OBJC_ARC = YES;
				CLANG_WARN_BLOCK_CAPTURE_AUTORELEASING = YES;
				CLANG_WARN_BOOL_CONVERSION = YES;
				CLANG_WARN_COMMA = YES;
				CLANG_WARN_CONSTANT_CONVERSION = YES;
				CLANG_WARN_DIRECT_OBJC_ISA_USAGE = YES_ERROR;
				CLANG_WARN_DOCUMENTATION_COMMENTS = YES;
				CLANG_WARN_EMPTY_BODY = YES;
				CLANG_WARN_ENUM_CONVERSION = YES;
				CLANG_WARN_INFINITE_RECURSION = YES;
				CLANG_WARN_INT_CONVERSION = YES;
				CLANG_WARN_NON_LITERAL_NULL_CONVERSION = YES;
				CLANG_WARN_OBJC_LITERAL_CONVERSION = YES;
				CLANG_WARN_OBJC_ROOT_CLASS = YES_ERROR;
				CLANG_WARN_RANGE_LOOP_ANALYSIS = YES;
				CLANG_WARN_STRICT_PROTOTYPES = YES;
				CLANG_WARN_SUSPICIOUS_MOVE = YES;
				CLANG_WARN_UNGUARDED_AVAILABILITY = YES_AGGRESSIVE;
				CLANG_WARN_UNREACHABLE_CODE = YES;
				CLANG_WARN__DUPLICATE_METHOD_MATCH = YES;
				CODE_SIGN_IDENTITY = "-";
				COPY_PHASE_STRIP = NO;
				DEBUG_INFORMATION_FORMAT = "dwarf-with-dsym";
				ENABLE_NS_ASSERTIONS = NO;
				ENABLE_STRICT_OBJC_MSGSEND = YES;
				GCC_C_LANGUAGE_STANDARD = gnu11;
				GCC_NO_COMMON_BLOCKS = YES;
				GCC_WARN_64_TO_32_BIT_CONVERSION = YES;
				GCC_WARN_ABOUT_RETURN_TYPE = YES_ERROR;
				GCC_WARN_UNDECLARED_SELECTOR = YES;
				GCC_WARN_UNINITIALIZED_AUTOS = YES_AGGRESSIVE;
				GCC_WARN_UNUSED_FUNCTION = YES;
				GCC_WARN_UNUSED_VARIABLE = YES;
				MACOSX_DEPLOYMENT_TARGET = 10.13;
				MTL_ENABLE_DEBUG_INFO = NO;
				SDKROOT = macosx;
				SWIFT_OPTIMIZATION_LEVEL = "-Owholemodule";
			};
			name = Release;
		};
		9B2CC5B820299FEB00DEE732 /* Debug */ = {
			isa = XCBuildConfiguration;
			buildSettings = {
				CODE_SIGN_STYLE = Automatic;
				PRODUCT_NAME = "$(TARGET_NAME)";
				SWIFT_VERSION = 4.0;
			};
			name = Debug;
		};
		9B2CC5B920299FEB00DEE732 /* Release */ = {
			isa = XCBuildConfiguration;
			buildSettings = {
				CODE_SIGN_STYLE = Automatic;
				PRODUCT_NAME = "$(TARGET_NAME)";
				SWIFT_VERSION = 4.0;
			};
			name = Release;
		};
/* End XCBuildConfiguration section */

/* Begin XCConfigurationList section */
		9B2CC5AB20299FEA00DEE732 /* Build configuration list for PBXProject "MAD_3004_Day7_Protocols" */ = {
			isa = XCConfigurationList;
			buildConfigurations = (
				9B2CC5B520299FEB00DEE732 /* Debug */,
				9B2CC5B620299FEB00DEE732 /* Release */,
			);
			defaultConfigurationIsVisible = 0;
			defaultConfigurationName = Release;
		};
		9B2CC5B720299FEB00DEE732 /* Build configuration list for PBXNativeTarget "MAD_3004_Day7_Protocols" */ = {
			isa = XCConfigurationList;
			buildConfigurations = (
				9B2CC5B820299FEB00DEE732 /* Debug */,
				9B2CC5B920299FEB00DEE732 /* Release */,
			);
			defaultConfigurationIsVisible = 0;
			defaultConfigurationName = Release;
		};
/* End XCConfigurationList section */
	};
	rootObject = 9B2CC5A820299FEA00DEE732 /* Project object */;
}
